
Microsoft Visual Studio Solution File, Format Version 12.00
# Visual Studio Version 17
VisualStudioVersion = 17.14.36221.1
MinimumVisualStudioVersion = 10.0.40219.1
Project("{2150E333-8FDC-42A3-9474-1A3956D46DE8}") = "Src", "Src", "{02EA681E-C7D8-13C7-8484-4AC65E1B71E8}"
EndProject
Project("{2150E333-8FDC-42A3-9474-1A3956D46DE8}") = "Api", "Api", "{616AF31B-3C02-4933-9423-FEBDF54958F4}"
EndProject
Project("{2150E333-8FDC-42A3-9474-1A3956D46DE8}") = "Clients", "Clients", "{99167CFB-55BC-42CA-90A7-D1CD65C84EB9}"
EndProject
Project("{2150E333-8FDC-42A3-9474-1A3956D46DE8}") = "Core", "Core", "{219C0642-B47D-4B80-B248-4B49A68A8E61}"
EndProject
Project("{2150E333-8FDC-42A3-9474-1A3956D46DE8}") = "Infrastructure", "Infrastructure", "{9AB67F6B-CFBE-452C-9C6E-1841F9A4B80C}"
EndProject
Project("{2150E333-8FDC-42A3-9474-1A3956D46DE8}") = "Presentation", "Presentation", "{D90097C9-D56A-411C-A59D-6D70AD35D440}"
EndProject
Project("{FAE04EC0-301F-11D3-BF4B-00C04F79EFBC}") = "ECommerce.Domain", "Src\Api\Core\ECommerce.Domain\ECommerce.Domain.csproj", "{C5A02EC4-9E81-4B0B-94D4-E81B51ABAE4A}"
EndProject
Project("{FAE04EC0-301F-11D3-BF4B-00C04F79EFBC}") = "ECommerce.Application", "ECommerce.Application\ECommerce.Application.csproj", "{7BDFC39E-B329-4897-8443-7B25BEF9E138}"
EndProject
Project("{FAE04EC0-301F-11D3-BF4B-00C04F79EFBC}") = "ECommerce.Infrastructure", "Src\Api\Infrastructure\ECommerce.Infrastructure\ECommerce.Infrastructure.csproj", "{E22A2DAE-F781-4240-A2E0-4CE7A5EB22A9}"
EndProject
Project("{FAE04EC0-301F-11D3-BF4B-00C04F79EFBC}") = "ECommerce.Persistence", "Src\Api\Infrastructure\ECommerce.Persistence\ECommerce.Persistence.csproj", "{D057BC17-8933-4593-A304-D241FD97D117}"
EndProject
Project("{FAE04EC0-301F-11D3-BF4B-00C04F79EFBC}") = "ECommerce.WebApi", "Src\Api\Presentation\ECommerce.WebApi\ECommerce.WebApi.csproj", "{2D7B645C-2306-4078-AD62-4CCB3EA9C9F4}"
EndProject
Project("{FAE04EC0-301F-11D3-BF4B-00C04F79EFBC}") = "WebUI", "WebUI\WebUI.csproj", "{BA506C85-820B-412D-AB56-8A0EFBA7FD40}"
EndProject
Global
	GlobalSection(SolutionConfigurationPlatforms) = preSolution
		Debug|Any CPU = Debug|Any CPU
		Release|Any CPU = Release|Any CPU
	EndGlobalSection
	GlobalSection(ProjectConfigurationPlatforms) = postSolution
		{C5A02EC4-9E81-4B0B-94D4-E81B51ABAE4A}.Debug|Any CPU.ActiveCfg = Debug|Any CPU
		{C5A02EC4-9E81-4B0B-94D4-E81B51ABAE4A}.Debug|Any CPU.Build.0 = Debug|Any CPU
		{C5A02EC4-9E81-4B0B-94D4-E81B51ABAE4A}.Release|Any CPU.ActiveCfg = Release|Any CPU
		{C5A02EC4-9E81-4B0B-94D4-E81B51ABAE4A}.Release|Any CPU.Build.0 = Release|Any CPU
		{7BDFC39E-B329-4897-8443-7B25BEF9E138}.Debug|Any CPU.ActiveCfg = Debug|Any CPU
		{7BDFC39E-B329-4897-8443-7B25BEF9E138}.Debug|Any CPU.Build.0 = Debug|Any CPU
		{7BDFC39E-B329-4897-8443-7B25BEF9E138}.Release|Any CPU.ActiveCfg = Release|Any CPU
		{7BDFC39E-B329-4897-8443-7B25BEF9E138}.Release|Any CPU.Build.0 = Release|Any CPU
		{E22A2DAE-F781-4240-A2E0-4CE7A5EB22A9}.Debug|Any CPU.ActiveCfg = Debug|Any CPU
		{E22A2DAE-F781-4240-A2E0-4CE7A5EB22A9}.Debug|Any CPU.Build.0 = Debug|Any CPU
		{E22A2DAE-F781-4240-A2E0-4CE7A5EB22A9}.Release|Any CPU.ActiveCfg = Release|Any CPU
		{E22A2DAE-F781-4240-A2E0-4CE7A5EB22A9}.Release|Any CPU.Build.0 = Release|Any CPU
		{D057BC17-8933-4593-A304-D241FD97D117}.Debug|Any CPU.ActiveCfg = Debug|Any CPU
		{D057BC17-8933-4593-A304-D241FD97D117}.Debug|Any CPU.Build.0 = Debug|Any CPU
		{D057BC17-8933-4593-A304-D241FD97D117}.Release|Any CPU.ActiveCfg = Release|Any CPU
		{D057BC17-8933-4593-A304-D241FD97D117}.Release|Any CPU.Build.0 = Release|Any CPU
		{2D7B645C-2306-4078-AD62-4CCB3EA9C9F4}.Debug|Any CPU.ActiveCfg = Debug|Any CPU
		{2D7B645C-2306-4078-AD62-4CCB3EA9C9F4}.Debug|Any CPU.Build.0 = Debug|Any CPU
		{2D7B645C-2306-4078-AD62-4CCB3EA9C9F4}.Release|Any CPU.ActiveCfg = Release|Any CPU
		{2D7B645C-2306-4078-AD62-4CCB3EA9C9F4}.Release|Any CPU.Build.0 = Release|Any CPU
		{BA506C85-820B-412D-AB56-8A0EFBA7FD40}.Debug|Any CPU.ActiveCfg = Debug|Any CPU
		{BA506C85-820B-412D-AB56-8A0EFBA7FD40}.Debug|Any CPU.Build.0 = Debug|Any CPU
		{BA506C85-820B-412D-AB56-8A0EFBA7FD40}.Release|Any CPU.ActiveCfg = Release|Any CPU
		{BA506C85-820B-412D-AB56-8A0EFBA7FD40}.Release|Any CPU.Build.0 = Release|Any CPU
	EndGlobalSection
	GlobalSection(SolutionProperties) = preSolution
		HideSolutionNode = FALSE
	EndGlobalSection
	GlobalSection(NestedProjects) = preSolution
		{616AF31B-3C02-4933-9423-FEBDF54958F4} = {02EA681E-C7D8-13C7-8484-4AC65E1B71E8}
		{99167CFB-55BC-42CA-90A7-D1CD65C84EB9} = {02EA681E-C7D8-13C7-8484-4AC65E1B71E8}
		{219C0642-B47D-4B80-B248-4B49A68A8E61} = {616AF31B-3C02-4933-9423-FEBDF54958F4}
		{9AB67F6B-CFBE-452C-9C6E-1841F9A4B80C} = {616AF31B-3C02-4933-9423-FEBDF54958F4}
		{D90097C9-D56A-411C-A59D-6D70AD35D440} = {616AF31B-3C02-4933-9423-FEBDF54958F4}
		{C5A02EC4-9E81-4B0B-94D4-E81B51ABAE4A} = {219C0642-B47D-4B80-B248-4B49A68A8E61}
		{7BDFC39E-B329-4897-8443-7B25BEF9E138} = {219C0642-B47D-4B80-B248-4B49A68A8E61}
		{E22A2DAE-F781-4240-A2E0-4CE7A5EB22A9} = {9AB67F6B-CFBE-452C-9C6E-1841F9A4B80C}
		{D057BC17-8933-4593-A304-D241FD97D117} = {9AB67F6B-CFBE-452C-9C6E-1841F9A4B80C}
		{2D7B645C-2306-4078-AD62-4CCB3EA9C9F4} = {D90097C9-D56A-411C-A59D-6D70AD35D440}
		{BA506C85-820B-412D-AB56-8A0EFBA7FD40} = {99167CFB-55BC-42CA-90A7-D1CD65C84EB9}
	EndGlobalSection
	GlobalSection(ExtensibilityGlobals) = postSolution
		SolutionGuid = {6B4CA322-DAA7-4C9C-BCF4-65FA1F403537}
	EndGlobalSection
EndGlobal
